
Microsoft Visual Studio Solution File, Format Version 12.00
# Visual Studio Version 16
VisualStudioVersion = 16.6.30114.105
MinimumVisualStudioVersion = 10.0.40219.1
Project("{FAE04EC0-301F-11D3-BF4B-00C04F79EFBC}") = "API", "API\API.csproj", "{1516FF65-FD40-4275-B778-9E373FD57C1F}"
EndProject
Project("{FAE04EC0-301F-11D3-BF4B-00C04F79EFBC}") = "Persistence", "Persistence\Persistence.csproj", "{6FC61EE5-E5C5-4A49-856E-B4228BF204A7}"
EndProject
Project("{FAE04EC0-301F-11D3-BF4B-00C04F79EFBC}") = "Domain", "Domain\Domain.csproj", "{43218A45-6B78-4B25-A992-7E4CB63B943B}"
EndProject
Project("{FAE04EC0-301F-11D3-BF4B-00C04F79EFBC}") = "Application", "Application\Application.csproj", "{E700A09F-A7F3-4544-B9BA-955DCA1D911C}"
EndProject
Global
	GlobalSection(SolutionConfigurationPlatforms) = preSolution
		Debug|Any CPU = Debug|Any CPU
		Debug|x64 = Debug|x64
		Debug|x86 = Debug|x86
		Release|Any CPU = Release|Any CPU
		Release|x64 = Release|x64
		Release|x86 = Release|x86
	EndGlobalSection
	GlobalSection(SolutionProperties) = preSolution
		HideSolutionNode = FALSE
	EndGlobalSection
	GlobalSection(ProjectConfigurationPlatforms) = postSolution
		{1516FF65-FD40-4275-B778-9E373FD57C1F}.Debug|Any CPU.ActiveCfg = Debug|Any CPU
		{1516FF65-FD40-4275-B778-9E373FD57C1F}.Debug|Any CPU.Build.0 = Debug|Any CPU
		{1516FF65-FD40-4275-B778-9E373FD57C1F}.Debug|x64.ActiveCfg = Debug|Any CPU
		{1516FF65-FD40-4275-B778-9E373FD57C1F}.Debug|x64.Build.0 = Debug|Any CPU
		{1516FF65-FD40-4275-B778-9E373FD57C1F}.Debug|x86.ActiveCfg = Debug|Any CPU
		{1516FF65-FD40-4275-B778-9E373FD57C1F}.Debug|x86.Build.0 = Debug|Any CPU
		{1516FF65-FD40-4275-B778-9E373FD57C1F}.Release|Any CPU.ActiveCfg = Release|Any CPU
		{1516FF65-FD40-4275-B778-9E373FD57C1F}.Release|Any CPU.Build.0 = Release|Any CPU
		{1516FF65-FD40-4275-B778-9E373FD57C1F}.Release|x64.ActiveCfg = Release|Any CPU
		{1516FF65-FD40-4275-B778-9E373FD57C1F}.Release|x64.Build.0 = Release|Any CPU
		{1516FF65-FD40-4275-B778-9E373FD57C1F}.Release|x86.ActiveCfg = Release|Any CPU
		{1516FF65-FD40-4275-B778-9E373FD57C1F}.Release|x86.Build.0 = Release|Any CPU
		{6FC61EE5-E5C5-4A49-856E-B4228BF204A7}.Debug|Any CPU.ActiveCfg = Debug|Any CPU
		{6FC61EE5-E5C5-4A49-856E-B4228BF204A7}.Debug|Any CPU.Build.0 = Debug|Any CPU
		{6FC61EE5-E5C5-4A49-856E-B4228BF204A7}.Debug|x64.ActiveCfg = Debug|Any CPU
		{6FC61EE5-E5C5-4A49-856E-B4228BF204A7}.Debug|x64.Build.0 = Debug|Any CPU
		{6FC61EE5-E5C5-4A49-856E-B4228BF204A7}.Debug|x86.ActiveCfg = Debug|Any CPU
		{6FC61EE5-E5C5-4A49-856E-B4228BF204A7}.Debug|x86.Build.0 = Debug|Any CPU
		{6FC61EE5-E5C5-4A49-856E-B4228BF204A7}.Release|Any CPU.ActiveCfg = Release|Any CPU
		{6FC61EE5-E5C5-4A49-856E-B4228BF204A7}.Release|Any CPU.Build.0 = Release|Any CPU
		{6FC61EE5-E5C5-4A49-856E-B4228BF204A7}.Release|x64.ActiveCfg = Release|Any CPU
		{6FC61EE5-E5C5-4A49-856E-B4228BF204A7}.Release|x64.Build.0 = Release|Any CPU
		{6FC61EE5-E5C5-4A49-856E-B4228BF204A7}.Release|x86.ActiveCfg = Release|Any CPU
		{6FC61EE5-E5C5-4A49-856E-B4228BF204A7}.Release|x86.Build.0 = Release|Any CPU
		{43218A45-6B78-4B25-A992-7E4CB63B943B}.Debug|Any CPU.ActiveCfg = Debug|Any CPU
		{43218A45-6B78-4B25-A992-7E4CB63B943B}.Debug|Any CPU.Build.0 = Debug|Any CPU
		{43218A45-6B78-4B25-A992-7E4CB63B943B}.Debug|x64.ActiveCfg = Debug|Any CPU
		{43218A45-6B78-4B25-A992-7E4CB63B943B}.Debug|x64.Build.0 = Debug|Any CPU
		{43218A45-6B78-4B25-A992-7E4CB63B943B}.Debug|x86.ActiveCfg = Debug|Any CPU
		{43218A45-6B78-4B25-A992-7E4CB63B943B}.Debug|x86.Build.0 = Debug|Any CPU
		{43218A45-6B78-4B25-A992-7E4CB63B943B}.Release|Any CPU.ActiveCfg = Release|Any CPU
		{43218A45-6B78-4B25-A992-7E4CB63B943B}.Release|Any CPU.Build.0 = Release|Any CPU
		{43218A45-6B78-4B25-A992-7E4CB63B943B}.Release|x64.ActiveCfg = Release|Any CPU
		{43218A45-6B78-4B25-A992-7E4CB63B943B}.Release|x64.Build.0 = Release|Any CPU
		{43218A45-6B78-4B25-A992-7E4CB63B943B}.Release|x86.ActiveCfg = Release|Any CPU
		{43218A45-6B78-4B25-A992-7E4CB63B943B}.Release|x86.Build.0 = Release|Any CPU
		{E700A09F-A7F3-4544-B9BA-955DCA1D911C}.Debug|Any CPU.ActiveCfg = Debug|Any CPU
		{E700A09F-A7F3-4544-B9BA-955DCA1D911C}.Debug|Any CPU.Build.0 = Debug|Any CPU
		{E700A09F-A7F3-4544-B9BA-955DCA1D911C}.Debug|x64.ActiveCfg = Debug|Any CPU
		{E700A09F-A7F3-4544-B9BA-955DCA1D911C}.Debug|x64.Build.0 = Debug|Any CPU
		{E700A09F-A7F3-4544-B9BA-955DCA1D911C}.Debug|x86.ActiveCfg = Debug|Any CPU
		{E700A09F-A7F3-4544-B9BA-955DCA1D911C}.Debug|x86.Build.0 = Debug|Any CPU
		{E700A09F-A7F3-4544-B9BA-955DCA1D911C}.Release|Any CPU.ActiveCfg = Release|Any CPU
		{E700A09F-A7F3-4544-B9BA-955DCA1D911C}.Release|Any CPU.Build.0 = Release|Any CPU
		{E700A09F-A7F3-4544-B9BA-955DCA1D911C}.Release|x64.ActiveCfg = Release|Any CPU
		{E700A09F-A7F3-4544-B9BA-955DCA1D911C}.Release|x64.Build.0 = Release|Any CPU
		{E700A09F-A7F3-4544-B9BA-955DCA1D911C}.Release|x86.ActiveCfg = Release|Any CPU
		{E700A09F-A7F3-4544-B9BA-955DCA1D911C}.Release|x86.Build.0 = Release|Any CPU
	EndGlobalSection
EndGlobal
